// !$*UTF8*$!
{
	archiveVersion = 1;
	classes = {
	};
	objectVersion = 48;
	objects = {

/* Begin PBXBuildFile section */
		B882B870201AB3D90012EBCD /* AppDelegate.swift in Sources */ = {isa = PBXBuildFile; fileRef = B882B86F201AB3D90012EBCD /* AppDelegate.swift */; };
		B882B872201AB3D90012EBCD /* ViewController.swift in Sources */ = {isa = PBXBuildFile; fileRef = B882B871201AB3D90012EBCD /* ViewController.swift */; };
		B882B875201AB3D90012EBCD /* Main.storyboard in Resources */ = {isa = PBXBuildFile; fileRef = B882B873201AB3D90012EBCD /* Main.storyboard */; };
		B882B877201AB3D90012EBCD /* Assets.xcassets in Resources */ = {isa = PBXBuildFile; fileRef = B882B876201AB3D90012EBCD /* Assets.xcassets */; };
		B882B87A201AB3D90012EBCD /* LaunchScreen.storyboard in Resources */ = {isa = PBXBuildFile; fileRef = B882B878201AB3D90012EBCD /* LaunchScreen.storyboard */; };
		B8CC1CED201CCB0D00D5C70F /* NestedStackViewController.swift in Sources */ = {isa = PBXBuildFile; fileRef = B8CC1CEC201CCB0D00D5C70F /* NestedStackViewController.swift */; };
		B8CC1CEF201E148200D5C70F /* QuizViewController.swift in Sources */ = {isa = PBXBuildFile; fileRef = B8CC1CEE201E148200D5C70F /* QuizViewController.swift */; };
/* End PBXBuildFile section */

/* Begin PBXFileReference section */
		B882B86C201AB3D90012EBCD /* SimpleStackView.app */ = {isa = PBXFileReference; explicitFileType = wrapper.application; includeInIndex = 0; path = SimpleStackView.app; sourceTree = BUILT_PRODUCTS_DIR; };
		B882B86F201AB3D90012EBCD /* AppDelegate.swift */ = {isa = PBXFileReference; lastKnownFileType = sourcecode.swift; path = AppDelegate.swift; sourceTree = "<group>"; };
		B882B871201AB3D90012EBCD /* ViewController.swift */ = {isa = PBXFileReference; lastKnownFileType = sourcecode.swift; path = ViewController.swift; sourceTree = "<group>"; };
		B882B874201AB3D90012EBCD /* Base */ = {isa = PBXFileReference; lastKnownFileType = file.storyboard; name = Base; path = Base.lproj/Main.storyboard; sourceTree = "<group>"; };
		B882B876201AB3D90012EBCD /* Assets.xcassets */ = {isa = PBXFileReference; lastKnownFileType = folder.assetcatalog; path = Assets.xcassets; sourceTree = "<group>"; };
		B882B879201AB3D90012EBCD /* Base */ = {isa = PBXFileReference; lastKnownFileType = file.storyboard; name = Base; path = Base.lproj/LaunchScreen.storyboard; sourceTree = "<group>"; };
		B882B87B201AB3D90012EBCD /* Info.plist */ = {isa = PBXFileReference; lastKnownFileType = text.plist.xml; path = Info.plist; sourceTree = "<group>"; };
		B8CC1CEC201CCB0D00D5C70F /* NestedStackViewController.swift */ = {isa = PBXFileReference; lastKnownFileType = sourcecode.swift; path = NestedStackViewController.swift; sourceTree = "<group>"; };
		B8CC1CEE201E148200D5C70F /* QuizViewController.swift */ = {isa = PBXFileReference; lastKnownFileType = sourcecode.swift; path = QuizViewController.swift; sourceTree = "<group>"; };
/* End PBXFileReference section */

/* Begin PBXFrameworksBuildPhase section */
		B882B869201AB3D90012EBCD /* Frameworks */ = {
			isa = PBXFrameworksBuildPhase;
			buildActionMask = 2147483647;
			files = (
			);
			runOnlyForDeploymentPostprocessing = 0;
		};
/* End PBXFrameworksBuildPhase section */

/* Begin PBXGroup section */
		B882B863201AB3D90012EBCD = {
			isa = PBXGroup;
			children = (
				B882B86E201AB3D90012EBCD /* SimpleStackView */,
				B882B86D201AB3D90012EBCD /* Products */,
			);
			sourceTree = "<group>";
		};
		B882B86D201AB3D90012EBCD /* Products */ = {
			isa = PBXGroup;
			children = (
				B882B86C201AB3D90012EBCD /* SimpleStackView.app */,
			);
			name = Products;
			sourceTree = "<group>";
		};
		B882B86E201AB3D90012EBCD /* SimpleStackView */ = {
			isa = PBXGroup;
			children = (
				B882B871201AB3D90012EBCD /* ViewController.swift */,
				B8CC1CEC201CCB0D00D5C70F /* NestedStackViewController.swift */,
				B882B873201AB3D90012EBCD /* Main.storyboard */,
				B8CC1CEE201E148200D5C70F /* QuizViewController.swift */,
				B882B87B201AB3D90012EBCD /* Info.plist */,
				B882B881201AB3E80012EBCD /* supportingFiles */,
			);
			path = SimpleStackView;
			sourceTree = "<group>";
		};
		B882B881201AB3E80012EBCD /* supportingFiles */ = {
			isa = PBXGroup;
			children = (
				B882B86F201AB3D90012EBCD /* AppDelegate.swift */,
				B882B876201AB3D90012EBCD /* Assets.xcassets */,
				B882B878201AB3D90012EBCD /* LaunchScreen.storyboard */,
			);
			path = supportingFiles;
			sourceTree = "<group>";
		};
/* End PBXGroup section */

/* Begin PBXNativeTarget section */
		B882B86B201AB3D90012EBCD /* SimpleStackView */ = {
			isa = PBXNativeTarget;
			buildConfigurationList = B882B87E201AB3D90012EBCD /* Build configuration list for PBXNativeTarget "SimpleStackView" */;
			buildPhases = (
				B882B868201AB3D90012EBCD /* Sources */,
				B882B869201AB3D90012EBCD /* Frameworks */,
				B882B86A201AB3D90012EBCD /* Resources */,
			);
			buildRules = (
			);
			dependencies = (
			);
			name = SimpleStackView;
			productName = SimpleStackView;
			productReference = B882B86C201AB3D90012EBCD /* SimpleStackView.app */;
			productType = "com.apple.product-type.application";
		};
/* End PBXNativeTarget section */

/* Begin PBXProject section */
		B882B864201AB3D90012EBCD /* Project object */ = {
			isa = PBXProject;
			attributes = {
				LastSwiftUpdateCheck = 0920;
				LastUpgradeCheck = 0920;
				ORGANIZATIONNAME = zaid;
				TargetAttributes = {
					B882B86B201AB3D90012EBCD = {
						CreatedOnToolsVersion = 9.2;
						ProvisioningStyle = Automatic;
					};
				};
			};
			buildConfigurationList = B882B867201AB3D90012EBCD /* Build configuration list for PBXProject "SimpleStackView" */;
			compatibilityVersion = "Xcode 8.0";
			developmentRegion = en;
			hasScannedForEncodings = 0;
			knownRegions = (
				en,
				Base,
			);
			mainGroup = B882B863201AB3D90012EBCD;
			productRefGroup = B882B86D201AB3D90012EBCD /* Products */;
			projectDirPath = "";
			projectRoot = "";
			targets = (
				B882B86B201AB3D90012EBCD /* SimpleStackView */,
			);
		};
/* End PBXProject section */

/* Begin PBXResourcesBuildPhase section */
		B882B86A201AB3D90012EBCD /* Resources */ = {
			isa = PBXResourcesBuildPhase;
			buildActionMask = 2147483647;
			files = (
				B882B87A201AB3D90012EBCD /* LaunchScreen.storyboard in Resources */,
				B882B877201AB3D90012EBCD /* Assets.xcassets in Resources */,
				B882B875201AB3D90012EBCD /* Main.storyboard in Resources */,
			);
			runOnlyForDeploymentPostprocessing = 0;
		};
/* End PBXResourcesBuildPhase section */

/* Begin PBXSourcesBuildPhase section */
		B882B868201AB3D90012EBCD /* Sources */ = {
			isa = PBXSourcesBuildPhase;
			buildActionMask = 2147483647;
			files = (
				B882B872201AB3D90012EBCD /* ViewController.swift in Sources */,
				B882B870201AB3D90012EBCD /* AppDelegate.swift in Sources */,
				B8CC1CED201CCB0D00D5C70F /* NestedStackViewController.swift in Sources */,
				B8CC1CEF201E148200D5C70F /* QuizViewController.swift in Sources */,
			);
			runOnlyForDeploymentPostprocessing = 0;
		};
/* End PBXSourcesBuildPhase section */

/* Begin PBXVariantGroup section */
		B882B873201AB3D90012EBCD /* Main.storyboard */ = {
			isa = PBXVariantGroup;
			children = (
				B882B874201AB3D90012EBCD /* Base */,
			);
			name = Main.storyboard;
			sourceTree = "<group>";
		};
		B882B878201AB3D90012EBCD /* LaunchScreen.storyboard */ = {
			isa = PBXVariantGroup;
			children = (
				B882B879201AB3D90012EBCD /* Base */,
			);
			name = LaunchScreen.storyboard;
			sourceTree = "<group>";
		};
/* End PBXVariantGroup section */

/* Begin XCBuildConfiguration section */
		B882B87C201AB3D90012EBCD /* Debug */ = {
			isa = XCBuildConfiguration;
			buildSettings = {
				ALWAYS_SEARCH_USER_PATHS = NO;
				CLANG_ANALYZER_NONNULL = YES;
				CLANG_ANALYZER_NUMBER_OBJECT_CONVERSION = YES_AGGRESSIVE;
				CLANG_CXX_LANGUAGE_STANDARD = "gnu++14";
				CLANG_CXX_LIBRARY = "libc++";
				CLANG_ENABLE_MODULES = YES;
				CLANG_ENABLE_OBJC_ARC = YES;
				CLANG_WARN_BLOCK_CAPTURE_AUTORELEASING = YES;
				CLANG_WARN_BOOL_CONVERSION = YES;
				CLANG_WARN_COMMA = YES;
				CLANG_WARN_CONSTANT_CONVERSION = YES;
				CLANG_WARN_DIRECT_OBJC_ISA_USAGE = YES_ERROR;
				CLANG_WARN_DOCUMENTATION_COMMENTS = YES;
				CLANG_WARN_EMPTY_BODY = YES;
				CLANG_WARN_ENUM_CONVERSION = YES;
				CLANG_WARN_INFINITE_RECURSION = YES;
				CLANG_WARN_INT_CONVERSION = YES;
				CLANG_WARN_NON_LITERAL_NULL_CONVERSION = YES;
				CLANG_WARN_OBJC_LITERAL_CONVERSION = YES;
				CLANG_WARN_OBJC_ROOT_CLASS = YES_ERROR;
				CLANG_WARN_RANGE_LOOP_ANALYSIS = YES;
				CLANG_WARN_STRICT_PROTOTYPES = YES;
				CLANG_WARN_SUSPICIOUS_MOVE = YES;
				CLANG_WARN_UNGUARDED_AVAILABILITY = YES_AGGRESSIVE;
				CLANG_WARN_UNREACHABLE_CODE = YES;
				CLANG_WARN__DUPLICATE_METHOD_MATCH = YES;
				CODE_SIGN_IDENTITY = "iPhone Developer";
				COPY_PHASE_STRIP = NO;
				DEBUG_INFORMATION_FORMAT = dwarf;
				ENABLE_STRICT_OBJC_MSGSEND = YES;
				ENABLE_TESTABILITY = YES;
				GCC_C_LANGUAGE_STANDARD = gnu11;
				GCC_DYNAMIC_NO_PIC = NO;
				GCC_NO_COMMON_BLOCKS = YES;
				GCC_OPTIMIZATION_LEVEL = 0;
				GCC_PREPROCESSOR_DEFINITIONS = (
					"DEBUG=1",
					"$(inherited)",
				);
				GCC_WARN_64_TO_32_BIT_CONVERSION = YES;
				GCC_WARN_ABOUT_RETURN_TYPE = YES_ERROR;
				GCC_WARN_UNDECLARED_SELECTOR = YES;
				GCC_WARN_UNINITIALIZED_AUTOS = YES_AGGRESSIVE;
				GCC_WARN_UNUSED_FUNCTION = YES;
				GCC_WARN_UNUSED_VARIABLE = YES;
				IPHONEOS_DEPLOYMENT_TARGET = 11.2;
				MTL_ENABLE_DEBUG_INFO = YES;
				ONLY_ACTIVE_ARCH = YES;
				SDKROOT = iphoneos;
				SWIFT_ACTIVE_COMPILATION_CONDITIONS = DEBUG;
				SWIFT_OPTIMIZATION_LEVEL = "-Onone";
			};
			name = Debug;
		};
		B882B87D201AB3D90012EBCD /* Release */ = {
			isa = XCBuildConfiguration;
			buildSettings = {
				ALWAYS_SEARCH_USER_PATHS = NO;
				CLANG_ANALYZER_NONNULL = YES;
				CLANG_ANALYZER_NUMBER_OBJECT_CONVERSION = YES_AGGRESSIVE;
				CLANG_CXX_LANGUAGE_STANDARD = "gnu++14";
				CLANG_CXX_LIBRARY = "libc++";
				CLANG_ENABLE_MODULES = YES;
				CLANG_ENABLE_OBJC_ARC = YES;
				CLANG_WARN_BLOCK_CAPTURE_AUTORELEASING = YES;
				CLANG_WARN_BOOL_CONVERSION = YES;
				CLANG_WARN_COMMA = YES;
				CLANG_WARN_CONSTANT_CONVERSION = YES;
				CLANG_WARN_DIRECT_OBJC_ISA_USAGE = YES_ERROR;
				CLANG_WARN_DOCUMENTATION_COMMENTS = YES;
				CLANG_WARN_EMPTY_BODY = YES;
				CLANG_WARN_ENUM_CONVERSION = YES;
				CLANG_WARN_INFINITE_RECURSION = YES;
				CLANG_WARN_INT_CONVERSION = YES;
				CLANG_WARN_NON_LITERAL_NULL_CONVERSION = YES;
				CLANG_WARN_OBJC_LITERAL_CONVERSION = YES;
				CLANG_WARN_OBJC_ROOT_CLASS = YES_ERROR;
				CLANG_WARN_RANGE_LOOP_ANALYSIS = YES;
				CLANG_WARN_STRICT_PROTOTYPES = YES;
				CLANG_WARN_SUSPICIOUS_MOVE = YES;
				CLANG_WARN_UNGUARDED_AVAILABILITY = YES_AGGRESSIVE;
				CLANG_WARN_UNREACHABLE_CODE = YES;
				CLANG_WARN__DUPLICATE_METHOD_MATCH = YES;
				CODE_SIGN_IDENTITY = "iPhone Developer";
				COPY_PHASE_STRIP = NO;
				DEBUG_INFORMATION_FORMAT = "dwarf-with-dsym";
				ENABLE_NS_ASSERTIONS = NO;
				ENABLE_STRICT_OBJC_MSGSEND = YES;
				GCC_C_LANGUAGE_STANDARD = gnu11;
				GCC_NO_COMMON_BLOCKS = YES;
				GCC_WARN_64_TO_32_BIT_CONVERSION = YES;
				GCC_WARN_ABOUT_RETURN_TYPE = YES_ERROR;
				GCC_WARN_UNDECLARED_SELECTOR = YES;
				GCC_WARN_UNINITIALIZED_AUTOS = YES_AGGRESSIVE;
				GCC_WARN_UNUSED_FUNCTION = YES;
				GCC_WARN_UNUSED_VARIABLE = YES;
				IPHONEOS_DEPLOYMENT_TARGET = 11.2;
				MTL_ENABLE_DEBUG_INFO = NO;
				SDKROOT = iphoneos;
				SWIFT_OPTIMIZATION_LEVEL = "-Owholemodule";
				VALIDATE_PRODUCT = YES;
			};
			name = Release;
		};
		B882B87F201AB3D90012EBCD /* Debug */ = {
			isa = XCBuildConfiguration;
			buildSettings = {
				ASSETCATALOG_COMPILER_APPICON_NAME = AppIcon;
				CODE_SIGN_STYLE = Automatic;
				DEVELOPMENT_TEAM = FP77P62NK9;
				INFOPLIST_FILE = SimpleStackView/Info.plist;
				LD_RUNPATH_SEARCH_PATHS = "$(inherited) @executable_path/Frameworks";
				PRODUCT_BUNDLE_IDENTIFIER = com.jumha.SimpleStackView;
				PRODUCT_NAME = "$(TARGET_NAME)";
				SWIFT_VERSION = 4.0;
				TARGETED_DEVICE_FAMILY = "1,2";
			};
			name = Debug;
		};
		B882B880201AB3D90012EBCD /* Release */ = {
			isa = XCBuildConfiguration;
			buildSettings = {
				ASSETCATALOG_COMPILER_APPICON_NAME = AppIcon;
				CODE_SIGN_STYLE = Automatic;
				DEVELOPMENT_TEAM = FP77P62NK9;
				INFOPLIST_FILE = SimpleStackView/Info.plist;
				LD_RUNPATH_SEARCH_PATHS = "$(inherited) @executable_path/Frameworks";
				PRODUCT_BUNDLE_IDENTIFIER = com.jumha.SimpleStackView;
				PRODUCT_NAME = "$(TARGET_NAME)";
				SWIFT_VERSION = 4.0;
				TARGETED_DEVICE_FAMILY = "1,2";
			};
			name = Release;
		};
/* End XCBuildConfiguration section */

/* Begin XCConfigurationList section */
		B882B867201AB3D90012EBCD /* Build configuration list for PBXProject "SimpleStackView" */ = {
			isa = XCConfigurationList;
			buildConfigurations = (
				B882B87C201AB3D90012EBCD /* Debug */,
				B882B87D201AB3D90012EBCD /* Release */,
			);
			defaultConfigurationIsVisible = 0;
			defaultConfigurationName = Release;
		};
		B882B87E201AB3D90012EBCD /* Build configuration list for PBXNativeTarget "SimpleStackView" */ = {
			isa = XCConfigurationList;
			buildConfigurations = (
				B882B87F201AB3D90012EBCD /* Debug */,
				B882B880201AB3D90012EBCD /* Release */,
			);
			defaultConfigurationIsVisible = 0;
			defaultConfigurationName = Release;
		};
/* End XCConfigurationList section */
	};
	rootObject = B882B864201AB3D90012EBCD /* Project object */;
}
